
Microsoft Visual Studio Solution File, Format Version 12.00
# Visual Studio 14
VisualStudioVersion = 14.0.24720.0
MinimumVisualStudioVersion = 10.0.40219.1
Project("{FAE04EC0-301F-11D3-BF4B-00C04F79EFBC}") = "CodeForces", "CodeForces\CodeForces.csproj", "{B48FFA44-F76F-4C10-98E1-064CBC34217C}"
EndProject
Global
	GlobalSection(SolutionConfigurationPlatforms) = preSolution
		Debug|Any CPU = Debug|Any CPU
		Release|Any CPU = Release|Any CPU
	EndGlobalSection
	GlobalSection(ProjectConfigurationPlatforms) = postSolution
		{B48FFA44-F76F-4C10-98E1-064CBC34217C}.Debug|Any CPU.ActiveCfg = Debug|Any CPU
		{B48FFA44-F76F-4C10-98E1-064CBC34217C}.Debug|Any CPU.Build.0 = Debug|Any CPU
		{B48FFA44-F76F-4C10-98E1-064CBC34217C}.Release|Any CPU.ActiveCfg = Release|Any CPU
		{B48FFA44-F76F-4C10-98E1-064CBC34217C}.Release|Any CPU.Build.0 = Release|Any CPU
	EndGlobalSection
	GlobalSection(SolutionProperties) = preSolution
		HideSolutionNode = FALSE
	EndGlobalSection
	GlobalSection(CodealikeProperties) = postSolution
		SolutionGuid = 58eff375-d81a-416b-bef0-1915723047a1
	EndGlobalSection
EndGlobal
